
Microsoft Visual Studio Solution File, Format Version 12.00
# Visual Studio Version 17
VisualStudioVersion = 17.0.31903.59
MinimumVisualStudioVersion = 10.0.40219.1
Global
	GlobalSection(SolutionConfigurationPlatforms) = preSolution
		Debug|Any CPU = Debug|Any CPU
		Release|Any CPU = Release|Any CPU
	EndGlobalSection
	GlobalSection(ProjectConfigurationPlatforms) = postSolution
		{86327F68-A7BC-4777-AE70-9D1ABF75F27F}.Debug|Any CPU.ActiveCfg = Debug|Any CPU
		{86327F68-A7BC-4777-AE70-9D1ABF75F27F}.Debug|Any CPU.Build.0 = Debug|Any CPU
		{86327F68-A7BC-4777-AE70-9D1ABF75F27F}.Release|Any CPU.ActiveCfg = Release|Any CPU
		{86327F68-A7BC-4777-AE70-9D1ABF75F27F}.Release|Any CPU.Build.0 = Release|Any CPU
	EndGlobalSection
	GlobalSection(SolutionProperties) = preSolution
		HideSolutionNode = FALSE
	EndGlobalSection
	GlobalSection(ExtensibilityGlobals) = postSolution
		SolutionGuid = {BC2660EB-2EA4-406E-ACF6-BF755FE693DC}
	EndGlobalSection
EndGlobal
